
Microsoft Visual Studio Solution File, Format Version 12.00
# Visual Studio Version 17
VisualStudioVersion = 17.5.002.0
MinimumVisualStudioVersion = 10.0.40219.1
Project("{9A19103F-16F7-4668-BE54-9A1E7A4F7556}") = "C#FinalProjekt", "C#FinalProjekt.csproj", "{F3AC9950-A703-4976-A719-D3FB8830B7E5}"
EndProject
Global
	GlobalSection(SolutionConfigurationPlatforms) = preSolution
		Debug|Any CPU = Debug|Any CPU
		Release|Any CPU = Release|Any CPU
	EndGlobalSection
	GlobalSection(ProjectConfigurationPlatforms) = postSolution
		{F3AC9950-A703-4976-A719-D3FB8830B7E5}.Debug|Any CPU.ActiveCfg = Debug|Any CPU
		{F3AC9950-A703-4976-A719-D3FB8830B7E5}.Debug|Any CPU.Build.0 = Debug|Any CPU
		{F3AC9950-A703-4976-A719-D3FB8830B7E5}.Release|Any CPU.ActiveCfg = Release|Any CPU
		{F3AC9950-A703-4976-A719-D3FB8830B7E5}.Release|Any CPU.Build.0 = Release|Any CPU
	EndGlobalSection
	GlobalSection(SolutionProperties) = preSolution
		HideSolutionNode = FALSE
	EndGlobalSection
	GlobalSection(ExtensibilityGlobals) = postSolution
		SolutionGuid = {82CF2505-117C-4BA1-A638-7D19E9967BA8}
	EndGlobalSection
EndGlobal
